
Microsoft Visual Studio Solution File, Format Version 12.00
# Visual Studio 15
VisualStudioVersion = 15.0.27130.2024
MinimumVisualStudioVersion = 10.0.40219.1
Project("{FAE04EC0-301F-11D3-BF4B-00C04F79EFBC}") = "DSA", "DSA\DSA.csproj", "{11F124CF-6774-4016-B4C6-02F420D2B36A}"
EndProject
Global
	GlobalSection(SolutionConfigurationPlatforms) = preSolution
		Debug|Any CPU = Debug|Any CPU
		Release|Any CPU = Release|Any CPU
	EndGlobalSection
	GlobalSection(ProjectConfigurationPlatforms) = postSolution
		{11F124CF-6774-4016-B4C6-02F420D2B36A}.Debug|Any CPU.ActiveCfg = Debug|Any CPU
		{11F124CF-6774-4016-B4C6-02F420D2B36A}.Debug|Any CPU.Build.0 = Debug|Any CPU
		{11F124CF-6774-4016-B4C6-02F420D2B36A}.Release|Any CPU.ActiveCfg = Release|Any CPU
		{11F124CF-6774-4016-B4C6-02F420D2B36A}.Release|Any CPU.Build.0 = Release|Any CPU
	EndGlobalSection
	GlobalSection(SolutionProperties) = preSolution
		HideSolutionNode = FALSE
	EndGlobalSection
	GlobalSection(ExtensibilityGlobals) = postSolution
		SolutionGuid = {09D04323-8962-44A7-A185-10BEABE95E8C}
	EndGlobalSection
EndGlobal
